
Microsoft Visual Studio Solution File, Format Version 12.00
# Visual Studio Version 17
VisualStudioVersion = 17.2.32616.157
MinimumVisualStudioVersion = 10.0.40219.1
Project("{FAE04EC0-301F-11D3-BF4B-00C04F79EFBC}") = "AsyncAwait", "AsyncAwaitBySweta\AsyncAwait.csproj", "{BB0FCEFB-706B-4E31-8016-DE77A8BD568F}"
EndProject
Project("{FAE04EC0-301F-11D3-BF4B-00C04F79EFBC}") = "Multithreading", "Multithreading\Multithreading.csproj", "{00C812BB-0923-4D72-9B88-E6CBF4A89B62}"
EndProject
Project("{FAE04EC0-301F-11D3-BF4B-00C04F79EFBC}") = "ThreadSafety", "ThreadSafety\ThreadSafety.csproj", "{887078A1-8EDE-4741-A22E-F678B2B2754F}"
EndProject
Project("{FAE04EC0-301F-11D3-BF4B-00C04F79EFBC}") = "ThreadAffinity", "ThreadAffinity\ThreadAffinity.csproj", "{66534F1C-F4E6-4D09-AE36-D6AE7CE8CFE7}"
EndProject
Project("{FAE04EC0-301F-11D3-BF4B-00C04F79EFBC}") = "AutoEvent", "AutoEvent\AutoEvent.csproj", "{213923A0-2230-43CB-9783-4212A892F422}"
EndProject
Project("{FAE04EC0-301F-11D3-BF4B-00C04F79EFBC}") = "TPLDemo", "TPLDemo\TPLDemo.csproj", "{AED3D646-11A5-4AC3-B318-7F386E4EC84A}"
EndProject
Project("{FAE04EC0-301F-11D3-BF4B-00C04F79EFBC}") = "TaskAsyncPatternDemo", "TaskAsyncPatternDemo\TaskAsyncPatternDemo.csproj", "{4A464C15-7182-4A21-8640-F0782753F4AF}"
EndProject
Global
	GlobalSection(SolutionConfigurationPlatforms) = preSolution
		Debug|Any CPU = Debug|Any CPU
		Release|Any CPU = Release|Any CPU
	EndGlobalSection
	GlobalSection(ProjectConfigurationPlatforms) = postSolution
		{BB0FCEFB-706B-4E31-8016-DE77A8BD568F}.Debug|Any CPU.ActiveCfg = Debug|Any CPU
		{BB0FCEFB-706B-4E31-8016-DE77A8BD568F}.Debug|Any CPU.Build.0 = Debug|Any CPU
		{BB0FCEFB-706B-4E31-8016-DE77A8BD568F}.Release|Any CPU.ActiveCfg = Release|Any CPU
		{BB0FCEFB-706B-4E31-8016-DE77A8BD568F}.Release|Any CPU.Build.0 = Release|Any CPU
		{00C812BB-0923-4D72-9B88-E6CBF4A89B62}.Debug|Any CPU.ActiveCfg = Debug|Any CPU
		{00C812BB-0923-4D72-9B88-E6CBF4A89B62}.Debug|Any CPU.Build.0 = Debug|Any CPU
		{00C812BB-0923-4D72-9B88-E6CBF4A89B62}.Release|Any CPU.ActiveCfg = Release|Any CPU
		{00C812BB-0923-4D72-9B88-E6CBF4A89B62}.Release|Any CPU.Build.0 = Release|Any CPU
		{887078A1-8EDE-4741-A22E-F678B2B2754F}.Debug|Any CPU.ActiveCfg = Debug|Any CPU
		{887078A1-8EDE-4741-A22E-F678B2B2754F}.Debug|Any CPU.Build.0 = Debug|Any CPU
		{887078A1-8EDE-4741-A22E-F678B2B2754F}.Release|Any CPU.ActiveCfg = Release|Any CPU
		{887078A1-8EDE-4741-A22E-F678B2B2754F}.Release|Any CPU.Build.0 = Release|Any CPU
		{66534F1C-F4E6-4D09-AE36-D6AE7CE8CFE7}.Debug|Any CPU.ActiveCfg = Debug|Any CPU
		{66534F1C-F4E6-4D09-AE36-D6AE7CE8CFE7}.Debug|Any CPU.Build.0 = Debug|Any CPU
		{66534F1C-F4E6-4D09-AE36-D6AE7CE8CFE7}.Release|Any CPU.ActiveCfg = Release|Any CPU
		{66534F1C-F4E6-4D09-AE36-D6AE7CE8CFE7}.Release|Any CPU.Build.0 = Release|Any CPU
		{213923A0-2230-43CB-9783-4212A892F422}.Debug|Any CPU.ActiveCfg = Debug|Any CPU
		{213923A0-2230-43CB-9783-4212A892F422}.Debug|Any CPU.Build.0 = Debug|Any CPU
		{213923A0-2230-43CB-9783-4212A892F422}.Release|Any CPU.ActiveCfg = Release|Any CPU
		{213923A0-2230-43CB-9783-4212A892F422}.Release|Any CPU.Build.0 = Release|Any CPU
		{AED3D646-11A5-4AC3-B318-7F386E4EC84A}.Debug|Any CPU.ActiveCfg = Debug|Any CPU
		{AED3D646-11A5-4AC3-B318-7F386E4EC84A}.Debug|Any CPU.Build.0 = Debug|Any CPU
		{AED3D646-11A5-4AC3-B318-7F386E4EC84A}.Release|Any CPU.ActiveCfg = Release|Any CPU
		{AED3D646-11A5-4AC3-B318-7F386E4EC84A}.Release|Any CPU.Build.0 = Release|Any CPU
		{4A464C15-7182-4A21-8640-F0782753F4AF}.Debug|Any CPU.ActiveCfg = Debug|Any CPU
		{4A464C15-7182-4A21-8640-F0782753F4AF}.Debug|Any CPU.Build.0 = Debug|Any CPU
		{4A464C15-7182-4A21-8640-F0782753F4AF}.Release|Any CPU.ActiveCfg = Release|Any CPU
		{4A464C15-7182-4A21-8640-F0782753F4AF}.Release|Any CPU.Build.0 = Release|Any CPU
	EndGlobalSection
	GlobalSection(SolutionProperties) = preSolution
		HideSolutionNode = FALSE
	EndGlobalSection
	GlobalSection(ExtensibilityGlobals) = postSolution
		SolutionGuid = {B57775F1-067E-4AAF-B082-E44C2A4ED315}
	EndGlobalSection
EndGlobal
